
Microsoft Visual Studio Solution File, Format Version 12.00
# Visual Studio Version 17
VisualStudioVersion = 17.2.32630.192
MinimumVisualStudioVersion = 10.0.40219.1
Project("{9A19103F-16F7-4668-BE54-9A1E7A4F7556}") = "GrupoC.Productos", "Grupo5.Producto\GrupoC.Productos.csproj", "{18721231-679F-45F0-BCB1-C3B5328F91EC}"
EndProject
Project("{9A19103F-16F7-4668-BE54-9A1E7A4F7556}") = "GrupoC.Estanteria", "GrupoC.Estanteria\GrupoC.Estanteria.csproj", "{6FA4F18B-4166-4AA2-860C-B792C9A1FFF0}"
EndProject
Project("{9A19103F-16F7-4668-BE54-9A1E7A4F7556}") = "TestEstanteria", "TestEstanteria\TestEstanteria.csproj", "{3D524F01-4BA6-4F71-84E2-CAC4FEE8D1AF}"
EndProject
Project("{9A19103F-16F7-4668-BE54-9A1E7A4F7556}") = "TestProductos", "TestProductos\TestProductos.csproj", "{FD60B741-4C61-4CB7-B999-90BD8E353EF1}"
EndProject
Project("{9A19103F-16F7-4668-BE54-9A1E7A4F7556}") = "GrupoC.AlbaranDeEntrega", "ProyectoGrupoC\GrupoC.AlbaranDeEntrega.csproj", "{AF31B2D3-6405-46FC-81D1-DAD11E2DC632}"
EndProject
Global
	GlobalSection(SolutionConfigurationPlatforms) = preSolution
		Debug|Any CPU = Debug|Any CPU
		Release|Any CPU = Release|Any CPU
	EndGlobalSection
	GlobalSection(ProjectConfigurationPlatforms) = postSolution
		{18721231-679F-45F0-BCB1-C3B5328F91EC}.Debug|Any CPU.ActiveCfg = Debug|Any CPU
		{18721231-679F-45F0-BCB1-C3B5328F91EC}.Debug|Any CPU.Build.0 = Debug|Any CPU
		{18721231-679F-45F0-BCB1-C3B5328F91EC}.Release|Any CPU.ActiveCfg = Release|Any CPU
		{18721231-679F-45F0-BCB1-C3B5328F91EC}.Release|Any CPU.Build.0 = Release|Any CPU
		{6FA4F18B-4166-4AA2-860C-B792C9A1FFF0}.Debug|Any CPU.ActiveCfg = Debug|Any CPU
		{6FA4F18B-4166-4AA2-860C-B792C9A1FFF0}.Debug|Any CPU.Build.0 = Debug|Any CPU
		{6FA4F18B-4166-4AA2-860C-B792C9A1FFF0}.Release|Any CPU.ActiveCfg = Release|Any CPU
		{6FA4F18B-4166-4AA2-860C-B792C9A1FFF0}.Release|Any CPU.Build.0 = Release|Any CPU
		{3D524F01-4BA6-4F71-84E2-CAC4FEE8D1AF}.Debug|Any CPU.ActiveCfg = Debug|Any CPU
		{3D524F01-4BA6-4F71-84E2-CAC4FEE8D1AF}.Debug|Any CPU.Build.0 = Debug|Any CPU
		{3D524F01-4BA6-4F71-84E2-CAC4FEE8D1AF}.Release|Any CPU.ActiveCfg = Release|Any CPU
		{3D524F01-4BA6-4F71-84E2-CAC4FEE8D1AF}.Release|Any CPU.Build.0 = Release|Any CPU
		{FD60B741-4C61-4CB7-B999-90BD8E353EF1}.Debug|Any CPU.ActiveCfg = Debug|Any CPU
		{FD60B741-4C61-4CB7-B999-90BD8E353EF1}.Debug|Any CPU.Build.0 = Debug|Any CPU
		{FD60B741-4C61-4CB7-B999-90BD8E353EF1}.Release|Any CPU.ActiveCfg = Release|Any CPU
		{FD60B741-4C61-4CB7-B999-90BD8E353EF1}.Release|Any CPU.Build.0 = Release|Any CPU
		{AF31B2D3-6405-46FC-81D1-DAD11E2DC632}.Debug|Any CPU.ActiveCfg = Debug|Any CPU
		{AF31B2D3-6405-46FC-81D1-DAD11E2DC632}.Debug|Any CPU.Build.0 = Debug|Any CPU
		{AF31B2D3-6405-46FC-81D1-DAD11E2DC632}.Release|Any CPU.ActiveCfg = Release|Any CPU
		{AF31B2D3-6405-46FC-81D1-DAD11E2DC632}.Release|Any CPU.Build.0 = Release|Any CPU
	EndGlobalSection
	GlobalSection(SolutionProperties) = preSolution
		HideSolutionNode = FALSE
	EndGlobalSection
	GlobalSection(ExtensibilityGlobals) = postSolution
		SolutionGuid = {9AA1C926-EDAD-4E30-A8BA-718E8DFDABD7}
	EndGlobalSection
EndGlobal
